
Microsoft Visual Studio Solution File, Format Version 12.00
# Visual Studio Version 17
VisualStudioVersion = 17.9.34714.143
MinimumVisualStudioVersion = 10.0.40219.1
Project("{8BC9CEB8-8B4A-11D0-8D11-00A0C91BC942}") = "creer_image_bmp_8bits", "creer_image_bmp_8bits\creer_image_bmp_8bits.vcxproj", "{1F1ADF78-E239-4E13-A090-00F510D1F88B}"
EndProject
Global
	GlobalSection(SolutionConfigurationPlatforms) = preSolution
		Debug|x64 = Debug|x64
		Debug|x86 = Debug|x86
		Release|x64 = Release|x64
		Release|x86 = Release|x86
	EndGlobalSection
	GlobalSection(ProjectConfigurationPlatforms) = postSolution
		{1F1ADF78-E239-4E13-A090-00F510D1F88B}.Debug|x64.ActiveCfg = Debug|x64
		{1F1ADF78-E239-4E13-A090-00F510D1F88B}.Debug|x64.Build.0 = Debug|x64
		{1F1ADF78-E239-4E13-A090-00F510D1F88B}.Debug|x86.ActiveCfg = Debug|Win32
		{1F1ADF78-E239-4E13-A090-00F510D1F88B}.Debug|x86.Build.0 = Debug|Win32
		{1F1ADF78-E239-4E13-A090-00F510D1F88B}.Release|x64.ActiveCfg = Release|x64
		{1F1ADF78-E239-4E13-A090-00F510D1F88B}.Release|x64.Build.0 = Release|x64
		{1F1ADF78-E239-4E13-A090-00F510D1F88B}.Release|x86.ActiveCfg = Release|Win32
		{1F1ADF78-E239-4E13-A090-00F510D1F88B}.Release|x86.Build.0 = Release|Win32
	EndGlobalSection
	GlobalSection(SolutionProperties) = preSolution
		HideSolutionNode = FALSE
	EndGlobalSection
	GlobalSection(ExtensibilityGlobals) = postSolution
		SolutionGuid = {D2760135-7600-49AD-9884-D6A9A9B1E8E7}
	EndGlobalSection
EndGlobal
